{
  "name": "accesslog",
  "lockfileVersion": 3,
  "requires": true,
  "packages": {
    "": {
      "dependencies": {
        "accesslog": "0.0.2"
      }
    },
    "node_modules/accesslog": {
      "version": "0.0.2",
      "resolved": "https://registry.npmjs.org/accesslog/-/accesslog-0.0.2.tgz",
      "integrity": "sha512-D7i8R9Uk3anzBtRp5YlGETxMX7Z9PY9EcEMXBYoeieKkwz1r/bpP7/B1KsdwdveTNK7S/Cv7i9XDBXYJZ2KXrQ==",
      "dependencies": {
        "addr": "~1.0.0",
        "dateable": "~0.1.2"
      }
    },
    "node_modules/addr": {
      "version": "1.0.1",
      "resolved": "https://registry.npmjs.org/addr/-/addr-1.0.1.tgz",
      "integrity": "sha512-TD1CQ1UZZf6BUt5IixuDjyUqpLvyFtxtrJZ8fdWqwHl3zy3XhalEcMvwtC2kN/yQAc2YH4hNF0vC56uS5LenBA=="
    },
    "node_modules/dateable": {
      "version": "0.1.3",
      "resolved": "https://registry.npmjs.org/dateable/-/dateable-0.1.3.tgz",
      "integrity": "sha512-q3/N48eNqMS80YNw7Qm8mP0Tb7kZx6uXKZObHIos/UngSUg5XTLVYjV4MeMpUfNmwHU0TsvxP7C8AHWwtPR8TQ=="
    }
  }
}
