{
    "name": "font-converter",
    "lockfileVersion": 3,
    "requires": true,
    "packages": {
        "": {
            "dependencies": {
                "font-converter": "1.1.1"
            }
        },
        "node_modules/font-converter": {
            "version": "1.1.1",
            "resolved": "https://registry.npmjs.org/font-converter/-/font-converter-1.1.1.tgz",
            "integrity": "sha512-6Wk9ZnGr8bY3R+Mr4IZbfOkbM9UE74fN6Lqb7GvcPxhCTrdVLgeRNgvw8v8WWsrTSARBu6OTI/HReiZ3LW4oBA=="
        }
    }
}
